
Microsoft Visual Studio Solution File, Format Version 12.00
# Visual Studio Version 17
VisualStudioVersion = 17.0.32112.339
MinimumVisualStudioVersion = 10.0.40219.1
Project("{9A19103F-16F7-4668-BE54-9A1E7A4F7556}") = "WorkingWithRecords", "WorkingWithRecords\WorkingWithRecords.csproj", "{12876F9A-5B0A-4FFE-968C-87EF3361882D}"
EndProject
Project("{9A19103F-16F7-4668-BE54-9A1E7A4F7556}") = "MultipleReturnTypes", "MultipleReturnTypes\MultipleReturnTypes.csproj", "{806ABC24-286E-42A7-A1A2-B3934B1491ED}"
EndProject
Project("{2150E333-8FDC-42A3-9474-1A3956D46DE8}") = "MediatR", "MediatR", "{7B66873E-B13A-4C89-BFE0-C21205B19A23}"
EndProject
Project("{9A19103F-16F7-4668-BE54-9A1E7A4F7556}") = "MediatRSample.API", "MediatRSample.API\MediatRSample.API.csproj", "{742BF67C-16E5-48F6-A682-198CA0C78581}"
EndProject
Project("{9A19103F-16F7-4668-BE54-9A1E7A4F7556}") = "MediatRStream.API", "MediatRStream.API\MediatRStream.API.csproj", "{6811A9AB-6A8D-4BF5-9482-92BDC6D46AF7}"
EndProject
Project("{9A19103F-16F7-4668-BE54-9A1E7A4F7556}") = "BookStoreApiWithMongoDb", "BookStoreApiWithMongoDb\BookStoreApiWithMongoDb.csproj", "{2759C84F-4F8A-4130-8A07-943C8FE596E0}"
EndProject
Project("{9A19103F-16F7-4668-BE54-9A1E7A4F7556}") = "BenchmarkDotNetExample", "BenchmarkDotNetExample\BenchmarkDotNetExample.csproj", "{B773D7FA-5EBA-4B64-B0A0-E4664189A49F}"
EndProject
Project("{9A19103F-16F7-4668-BE54-9A1E7A4F7556}") = "SignalRChat", "SignalRChat\SignalRChat.csproj", "{15D84ECE-6611-44AE-B7C0-E0BD266E1C6A}"
EndProject
Project("{9A19103F-16F7-4668-BE54-9A1E7A4F7556}") = "SOLIDSample", "SOLIDSample\SOLIDSample.csproj", "{0EC63FCC-7415-4690-B946-FC7D74B469F7}"
EndProject
Project("{9A19103F-16F7-4668-BE54-9A1E7A4F7556}") = "ObjectPoolingSample", "ObjectPoolingSample\ObjectPoolingSample.csproj", "{44AEFE81-DF1D-4E9E-ACE3-C4D8E26E8154}"
EndProject
Project("{2150E333-8FDC-42A3-9474-1A3956D46DE8}") = "gRPC", "gRPC", "{405D06DB-560C-4723-922D-6FB1AE48DCDC}"
EndProject
Project("{FAE04EC0-301F-11D3-BF4B-00C04F79EFBC}") = "GrpcGreeter", "GrpcGreeter\GrpcGreeter.csproj", "{0094CD9D-244A-46B6-9A5F-0883F1B04C8B}"
EndProject
Project("{FAE04EC0-301F-11D3-BF4B-00C04F79EFBC}") = "GrpcGreeterClient", "GrpcGreeterClient\GrpcGreeterClient.csproj", "{7D281ADC-BCC8-4FF5-9C94-2B4D6C826B7A}"
EndProject
Global
	GlobalSection(SolutionConfigurationPlatforms) = preSolution
		Debug|Any CPU = Debug|Any CPU
		Release|Any CPU = Release|Any CPU
	EndGlobalSection
	GlobalSection(ProjectConfigurationPlatforms) = postSolution
		{12876F9A-5B0A-4FFE-968C-87EF3361882D}.Debug|Any CPU.ActiveCfg = Debug|Any CPU
		{12876F9A-5B0A-4FFE-968C-87EF3361882D}.Debug|Any CPU.Build.0 = Debug|Any CPU
		{12876F9A-5B0A-4FFE-968C-87EF3361882D}.Release|Any CPU.ActiveCfg = Release|Any CPU
		{12876F9A-5B0A-4FFE-968C-87EF3361882D}.Release|Any CPU.Build.0 = Release|Any CPU
		{806ABC24-286E-42A7-A1A2-B3934B1491ED}.Debug|Any CPU.ActiveCfg = Debug|Any CPU
		{806ABC24-286E-42A7-A1A2-B3934B1491ED}.Debug|Any CPU.Build.0 = Debug|Any CPU
		{806ABC24-286E-42A7-A1A2-B3934B1491ED}.Release|Any CPU.ActiveCfg = Release|Any CPU
		{806ABC24-286E-42A7-A1A2-B3934B1491ED}.Release|Any CPU.Build.0 = Release|Any CPU
		{742BF67C-16E5-48F6-A682-198CA0C78581}.Debug|Any CPU.ActiveCfg = Debug|Any CPU
		{742BF67C-16E5-48F6-A682-198CA0C78581}.Debug|Any CPU.Build.0 = Debug|Any CPU
		{742BF67C-16E5-48F6-A682-198CA0C78581}.Release|Any CPU.ActiveCfg = Release|Any CPU
		{742BF67C-16E5-48F6-A682-198CA0C78581}.Release|Any CPU.Build.0 = Release|Any CPU
		{6811A9AB-6A8D-4BF5-9482-92BDC6D46AF7}.Debug|Any CPU.ActiveCfg = Debug|Any CPU
		{6811A9AB-6A8D-4BF5-9482-92BDC6D46AF7}.Debug|Any CPU.Build.0 = Debug|Any CPU
		{6811A9AB-6A8D-4BF5-9482-92BDC6D46AF7}.Release|Any CPU.ActiveCfg = Release|Any CPU
		{6811A9AB-6A8D-4BF5-9482-92BDC6D46AF7}.Release|Any CPU.Build.0 = Release|Any CPU
		{2759C84F-4F8A-4130-8A07-943C8FE596E0}.Debug|Any CPU.ActiveCfg = Debug|Any CPU
		{2759C84F-4F8A-4130-8A07-943C8FE596E0}.Debug|Any CPU.Build.0 = Debug|Any CPU
		{2759C84F-4F8A-4130-8A07-943C8FE596E0}.Release|Any CPU.ActiveCfg = Release|Any CPU
		{2759C84F-4F8A-4130-8A07-943C8FE596E0}.Release|Any CPU.Build.0 = Release|Any CPU
		{B773D7FA-5EBA-4B64-B0A0-E4664189A49F}.Debug|Any CPU.ActiveCfg = Debug|Any CPU
		{B773D7FA-5EBA-4B64-B0A0-E4664189A49F}.Debug|Any CPU.Build.0 = Debug|Any CPU
		{B773D7FA-5EBA-4B64-B0A0-E4664189A49F}.Release|Any CPU.ActiveCfg = Release|Any CPU
		{B773D7FA-5EBA-4B64-B0A0-E4664189A49F}.Release|Any CPU.Build.0 = Release|Any CPU
		{15D84ECE-6611-44AE-B7C0-E0BD266E1C6A}.Debug|Any CPU.ActiveCfg = Debug|Any CPU
		{15D84ECE-6611-44AE-B7C0-E0BD266E1C6A}.Debug|Any CPU.Build.0 = Debug|Any CPU
		{15D84ECE-6611-44AE-B7C0-E0BD266E1C6A}.Release|Any CPU.ActiveCfg = Release|Any CPU
		{15D84ECE-6611-44AE-B7C0-E0BD266E1C6A}.Release|Any CPU.Build.0 = Release|Any CPU
		{0EC63FCC-7415-4690-B946-FC7D74B469F7}.Debug|Any CPU.ActiveCfg = Debug|Any CPU
		{0EC63FCC-7415-4690-B946-FC7D74B469F7}.Debug|Any CPU.Build.0 = Debug|Any CPU
		{0EC63FCC-7415-4690-B946-FC7D74B469F7}.Release|Any CPU.ActiveCfg = Release|Any CPU
		{0EC63FCC-7415-4690-B946-FC7D74B469F7}.Release|Any CPU.Build.0 = Release|Any CPU
		{44AEFE81-DF1D-4E9E-ACE3-C4D8E26E8154}.Debug|Any CPU.ActiveCfg = Debug|Any CPU
		{44AEFE81-DF1D-4E9E-ACE3-C4D8E26E8154}.Debug|Any CPU.Build.0 = Debug|Any CPU
		{44AEFE81-DF1D-4E9E-ACE3-C4D8E26E8154}.Release|Any CPU.ActiveCfg = Release|Any CPU
		{44AEFE81-DF1D-4E9E-ACE3-C4D8E26E8154}.Release|Any CPU.Build.0 = Release|Any CPU
		{0094CD9D-244A-46B6-9A5F-0883F1B04C8B}.Debug|Any CPU.ActiveCfg = Debug|Any CPU
		{0094CD9D-244A-46B6-9A5F-0883F1B04C8B}.Debug|Any CPU.Build.0 = Debug|Any CPU
		{0094CD9D-244A-46B6-9A5F-0883F1B04C8B}.Release|Any CPU.ActiveCfg = Release|Any CPU
		{0094CD9D-244A-46B6-9A5F-0883F1B04C8B}.Release|Any CPU.Build.0 = Release|Any CPU
		{7D281ADC-BCC8-4FF5-9C94-2B4D6C826B7A}.Debug|Any CPU.ActiveCfg = Debug|Any CPU
		{7D281ADC-BCC8-4FF5-9C94-2B4D6C826B7A}.Debug|Any CPU.Build.0 = Debug|Any CPU
		{7D281ADC-BCC8-4FF5-9C94-2B4D6C826B7A}.Release|Any CPU.ActiveCfg = Release|Any CPU
		{7D281ADC-BCC8-4FF5-9C94-2B4D6C826B7A}.Release|Any CPU.Build.0 = Release|Any CPU
	EndGlobalSection
	GlobalSection(SolutionProperties) = preSolution
		HideSolutionNode = FALSE
	EndGlobalSection
	GlobalSection(NestedProjects) = preSolution
		{742BF67C-16E5-48F6-A682-198CA0C78581} = {7B66873E-B13A-4C89-BFE0-C21205B19A23}
		{6811A9AB-6A8D-4BF5-9482-92BDC6D46AF7} = {7B66873E-B13A-4C89-BFE0-C21205B19A23}
		{0094CD9D-244A-46B6-9A5F-0883F1B04C8B} = {405D06DB-560C-4723-922D-6FB1AE48DCDC}
		{7D281ADC-BCC8-4FF5-9C94-2B4D6C826B7A} = {405D06DB-560C-4723-922D-6FB1AE48DCDC}
	EndGlobalSection
	GlobalSection(ExtensibilityGlobals) = postSolution
		SolutionGuid = {B8F0E134-090D-4F63-82BB-5B88C168E9FD}
	EndGlobalSection
EndGlobal
