
Microsoft Visual Studio Solution File, Format Version 12.00
# Visual Studio Version 17
VisualStudioVersion = 17.0.32112.339
MinimumVisualStudioVersion = 10.0.40219.1
Project("{9A19103F-16F7-4668-BE54-9A1E7A4F7556}") = "WorkingWithRecords", "WorkingWithRecords\WorkingWithRecords.csproj", "{12876F9A-5B0A-4FFE-968C-87EF3361882D}"
EndProject
Project("{9A19103F-16F7-4668-BE54-9A1E7A4F7556}") = "MultipleReturnTypes", "MultipleReturnTypes\MultipleReturnTypes.csproj", "{806ABC24-286E-42A7-A1A2-B3934B1491ED}"
EndProject
Project("{2150E333-8FDC-42A3-9474-1A3956D46DE8}") = "MediatRSample", "MediatRSample", "{7B66873E-B13A-4C89-BFE0-C21205B19A23}"
EndProject
Project("{FAE04EC0-301F-11D3-BF4B-00C04F79EFBC}") = "MediatRSample.API", "MediatRSample.API\MediatRSample.API.csproj", "{742BF67C-16E5-48F6-A682-198CA0C78581}"
EndProject
Global
	GlobalSection(SolutionConfigurationPlatforms) = preSolution
		Debug|Any CPU = Debug|Any CPU
		Release|Any CPU = Release|Any CPU
	EndGlobalSection
	GlobalSection(ProjectConfigurationPlatforms) = postSolution
		{12876F9A-5B0A-4FFE-968C-87EF3361882D}.Debug|Any CPU.ActiveCfg = Debug|Any CPU
		{12876F9A-5B0A-4FFE-968C-87EF3361882D}.Debug|Any CPU.Build.0 = Debug|Any CPU
		{12876F9A-5B0A-4FFE-968C-87EF3361882D}.Release|Any CPU.ActiveCfg = Release|Any CPU
		{12876F9A-5B0A-4FFE-968C-87EF3361882D}.Release|Any CPU.Build.0 = Release|Any CPU
		{806ABC24-286E-42A7-A1A2-B3934B1491ED}.Debug|Any CPU.ActiveCfg = Debug|Any CPU
		{806ABC24-286E-42A7-A1A2-B3934B1491ED}.Debug|Any CPU.Build.0 = Debug|Any CPU
		{806ABC24-286E-42A7-A1A2-B3934B1491ED}.Release|Any CPU.ActiveCfg = Release|Any CPU
		{806ABC24-286E-42A7-A1A2-B3934B1491ED}.Release|Any CPU.Build.0 = Release|Any CPU
		{742BF67C-16E5-48F6-A682-198CA0C78581}.Debug|Any CPU.ActiveCfg = Debug|Any CPU
		{742BF67C-16E5-48F6-A682-198CA0C78581}.Debug|Any CPU.Build.0 = Debug|Any CPU
		{742BF67C-16E5-48F6-A682-198CA0C78581}.Release|Any CPU.ActiveCfg = Release|Any CPU
		{742BF67C-16E5-48F6-A682-198CA0C78581}.Release|Any CPU.Build.0 = Release|Any CPU
	EndGlobalSection
	GlobalSection(SolutionProperties) = preSolution
		HideSolutionNode = FALSE
	EndGlobalSection
	GlobalSection(NestedProjects) = preSolution
		{742BF67C-16E5-48F6-A682-198CA0C78581} = {7B66873E-B13A-4C89-BFE0-C21205B19A23}
	EndGlobalSection
	GlobalSection(ExtensibilityGlobals) = postSolution
		SolutionGuid = {B8F0E134-090D-4F63-82BB-5B88C168E9FD}
	EndGlobalSection
EndGlobal
